
Microsoft Visual Studio Solution File, Format Version 12.00
# Visual Studio Version 16
VisualStudioVersion = 16.0.28803.202
MinimumVisualStudioVersion = 10.0.40219.1
Project("{FAE04EC0-301F-11D3-BF4B-00C04F79EFBC}") = "SkaitymasIsFailo", "SkaitymasIsFailo\SkaitymasIsFailo.csproj", "{827D184E-4E88-444A-B146-5D5D7D23BD27}"
EndProject
Global
	GlobalSection(SolutionConfigurationPlatforms) = preSolution
		Debug|Any CPU = Debug|Any CPU
		Release|Any CPU = Release|Any CPU
	EndGlobalSection
	GlobalSection(ProjectConfigurationPlatforms) = postSolution
		{827D184E-4E88-444A-B146-5D5D7D23BD27}.Debug|Any CPU.ActiveCfg = Debug|Any CPU
		{827D184E-4E88-444A-B146-5D5D7D23BD27}.Debug|Any CPU.Build.0 = Debug|Any CPU
		{827D184E-4E88-444A-B146-5D5D7D23BD27}.Release|Any CPU.ActiveCfg = Release|Any CPU
		{827D184E-4E88-444A-B146-5D5D7D23BD27}.Release|Any CPU.Build.0 = Release|Any CPU
	EndGlobalSection
	GlobalSection(SolutionProperties) = preSolution
		HideSolutionNode = FALSE
	EndGlobalSection
	GlobalSection(ExtensibilityGlobals) = postSolution
		SolutionGuid = {90B80821-4B1D-4497-980F-A4C0BF2FA43E}
	EndGlobalSection
EndGlobal
