
Microsoft Visual Studio Solution File, Format Version 12.00
# Visual Studio Version 16
VisualStudioVersion = 16.0.28803.202
MinimumVisualStudioVersion = 10.0.40219.1
Project("{FAE04EC0-301F-11D3-BF4B-00C04F79EFBC}") = "IfPirma", "IfPirma\IfPirma.csproj", "{43EFA20C-952E-4BCE-895D-35DAF3C5A5D5}"
EndProject
Global
	GlobalSection(SolutionConfigurationPlatforms) = preSolution
		Debug|Any CPU = Debug|Any CPU
		Release|Any CPU = Release|Any CPU
	EndGlobalSection
	GlobalSection(ProjectConfigurationPlatforms) = postSolution
		{43EFA20C-952E-4BCE-895D-35DAF3C5A5D5}.Debug|Any CPU.ActiveCfg = Debug|Any CPU
		{43EFA20C-952E-4BCE-895D-35DAF3C5A5D5}.Debug|Any CPU.Build.0 = Debug|Any CPU
		{43EFA20C-952E-4BCE-895D-35DAF3C5A5D5}.Release|Any CPU.ActiveCfg = Release|Any CPU
		{43EFA20C-952E-4BCE-895D-35DAF3C5A5D5}.Release|Any CPU.Build.0 = Release|Any CPU
	EndGlobalSection
	GlobalSection(SolutionProperties) = preSolution
		HideSolutionNode = FALSE
	EndGlobalSection
	GlobalSection(ExtensibilityGlobals) = postSolution
		SolutionGuid = {62EF0A65-D0EA-4371-A4AB-D80EE52ECF3B}
	EndGlobalSection
EndGlobal
