
Microsoft Visual Studio Solution File, Format Version 12.00
# Visual Studio Version 16
VisualStudioVersion = 16.0.28803.202
MinimumVisualStudioVersion = 10.0.40219.1
Project("{FAE04EC0-301F-11D3-BF4B-00C04F79EFBC}") = "FibonacioSkaiciai", "FibonacioSkaiciai\FibonacioSkaiciai.csproj", "{FD3F2C37-3E18-4770-8DDD-3C245FA0DD46}"
EndProject
Global
	GlobalSection(SolutionConfigurationPlatforms) = preSolution
		Debug|Any CPU = Debug|Any CPU
		Release|Any CPU = Release|Any CPU
	EndGlobalSection
	GlobalSection(ProjectConfigurationPlatforms) = postSolution
		{FD3F2C37-3E18-4770-8DDD-3C245FA0DD46}.Debug|Any CPU.ActiveCfg = Debug|Any CPU
		{FD3F2C37-3E18-4770-8DDD-3C245FA0DD46}.Debug|Any CPU.Build.0 = Debug|Any CPU
		{FD3F2C37-3E18-4770-8DDD-3C245FA0DD46}.Release|Any CPU.ActiveCfg = Release|Any CPU
		{FD3F2C37-3E18-4770-8DDD-3C245FA0DD46}.Release|Any CPU.Build.0 = Release|Any CPU
	EndGlobalSection
	GlobalSection(SolutionProperties) = preSolution
		HideSolutionNode = FALSE
	EndGlobalSection
	GlobalSection(ExtensibilityGlobals) = postSolution
		SolutionGuid = {4FF4840F-A8F5-4A9A-A0AE-00CC8F08AB96}
	EndGlobalSection
EndGlobal
