
Microsoft Visual Studio Solution File, Format Version 12.00
# Visual Studio Version 16
VisualStudioVersion = 16.0.28803.202
MinimumVisualStudioVersion = 10.0.40219.1
Project("{FAE04EC0-301F-11D3-BF4B-00C04F79EFBC}") = "Vartotojas", "Vartotojas\Vartotojas.csproj", "{567F1C9A-2CC5-4CB4-8667-5010E15B77E1}"
EndProject
Global
	GlobalSection(SolutionConfigurationPlatforms) = preSolution
		Debug|Any CPU = Debug|Any CPU
		Release|Any CPU = Release|Any CPU
	EndGlobalSection
	GlobalSection(ProjectConfigurationPlatforms) = postSolution
		{567F1C9A-2CC5-4CB4-8667-5010E15B77E1}.Debug|Any CPU.ActiveCfg = Debug|Any CPU
		{567F1C9A-2CC5-4CB4-8667-5010E15B77E1}.Debug|Any CPU.Build.0 = Debug|Any CPU
		{567F1C9A-2CC5-4CB4-8667-5010E15B77E1}.Release|Any CPU.ActiveCfg = Release|Any CPU
		{567F1C9A-2CC5-4CB4-8667-5010E15B77E1}.Release|Any CPU.Build.0 = Release|Any CPU
	EndGlobalSection
	GlobalSection(SolutionProperties) = preSolution
		HideSolutionNode = FALSE
	EndGlobalSection
	GlobalSection(ExtensibilityGlobals) = postSolution
		SolutionGuid = {395EDA5A-C007-45A0-813B-823521CF8807}
	EndGlobalSection
EndGlobal
