
Microsoft Visual Studio Solution File, Format Version 12.00
# Visual Studio Version 16
VisualStudioVersion = 16.0.28803.202
MinimumVisualStudioVersion = 10.0.40219.1
Project("{FAE04EC0-301F-11D3-BF4B-00C04F79EFBC}") = "Interfacas", "Interface\Interfacas.csproj", "{481C6F96-425D-41D1-A8C4-E38FC0FBFFF8}"
EndProject
Project("{FAE04EC0-301F-11D3-BF4B-00C04F79EFBC}") = "UnitTestPirkimoOperacija", "UnitTestPirkimoOperacija\UnitTestPirkimoOperacija.csproj", "{1015EED8-4664-490A-BFC5-97581BF99165}"
EndProject
Global
	GlobalSection(SolutionConfigurationPlatforms) = preSolution
		Debug|Any CPU = Debug|Any CPU
		Release|Any CPU = Release|Any CPU
	EndGlobalSection
	GlobalSection(ProjectConfigurationPlatforms) = postSolution
		{481C6F96-425D-41D1-A8C4-E38FC0FBFFF8}.Debug|Any CPU.ActiveCfg = Debug|Any CPU
		{481C6F96-425D-41D1-A8C4-E38FC0FBFFF8}.Debug|Any CPU.Build.0 = Debug|Any CPU
		{481C6F96-425D-41D1-A8C4-E38FC0FBFFF8}.Release|Any CPU.ActiveCfg = Release|Any CPU
		{481C6F96-425D-41D1-A8C4-E38FC0FBFFF8}.Release|Any CPU.Build.0 = Release|Any CPU
		{1015EED8-4664-490A-BFC5-97581BF99165}.Debug|Any CPU.ActiveCfg = Debug|Any CPU
		{1015EED8-4664-490A-BFC5-97581BF99165}.Debug|Any CPU.Build.0 = Debug|Any CPU
		{1015EED8-4664-490A-BFC5-97581BF99165}.Release|Any CPU.ActiveCfg = Release|Any CPU
		{1015EED8-4664-490A-BFC5-97581BF99165}.Release|Any CPU.Build.0 = Release|Any CPU
	EndGlobalSection
	GlobalSection(SolutionProperties) = preSolution
		HideSolutionNode = FALSE
	EndGlobalSection
	GlobalSection(ExtensibilityGlobals) = postSolution
		SolutionGuid = {F3038A1E-1383-4AFE-8970-40AA1ECFFB5B}
	EndGlobalSection
EndGlobal
