
Microsoft Visual Studio Solution File, Format Version 12.00
# Visual Studio Version 16
VisualStudioVersion = 16.0.28803.202
MinimumVisualStudioVersion = 10.0.40219.1
Project("{FAE04EC0-301F-11D3-BF4B-00C04F79EFBC}") = "PirminiaiSkaiciai", "PirminiaiSkaiciai\PirminiaiSkaiciai.csproj", "{160AB816-D7A2-42B1-91DD-DDBDF6770A36}"
EndProject
Global
	GlobalSection(SolutionConfigurationPlatforms) = preSolution
		Debug|Any CPU = Debug|Any CPU
		Release|Any CPU = Release|Any CPU
	EndGlobalSection
	GlobalSection(ProjectConfigurationPlatforms) = postSolution
		{160AB816-D7A2-42B1-91DD-DDBDF6770A36}.Debug|Any CPU.ActiveCfg = Debug|Any CPU
		{160AB816-D7A2-42B1-91DD-DDBDF6770A36}.Debug|Any CPU.Build.0 = Debug|Any CPU
		{160AB816-D7A2-42B1-91DD-DDBDF6770A36}.Release|Any CPU.ActiveCfg = Release|Any CPU
		{160AB816-D7A2-42B1-91DD-DDBDF6770A36}.Release|Any CPU.Build.0 = Release|Any CPU
	EndGlobalSection
	GlobalSection(SolutionProperties) = preSolution
		HideSolutionNode = FALSE
	EndGlobalSection
	GlobalSection(ExtensibilityGlobals) = postSolution
		SolutionGuid = {55464B0D-482D-4D34-ABE5-0E8F3EE7CEA2}
	EndGlobalSection
EndGlobal
