
Microsoft Visual Studio Solution File, Format Version 12.00
# Visual Studio Version 16
VisualStudioVersion = 16.0.28803.202
MinimumVisualStudioVersion = 10.0.40219.1
Project("{FAE04EC0-301F-11D3-BF4B-00C04F79EFBC}") = "RomeniskiSkaiciai", "RomeniskiSkaiciai\RomeniskiSkaiciai.csproj", "{EE197629-77D1-4FAC-8570-FE91B27B57E6}"
EndProject
Global
	GlobalSection(SolutionConfigurationPlatforms) = preSolution
		Debug|Any CPU = Debug|Any CPU
		Release|Any CPU = Release|Any CPU
	EndGlobalSection
	GlobalSection(ProjectConfigurationPlatforms) = postSolution
		{EE197629-77D1-4FAC-8570-FE91B27B57E6}.Debug|Any CPU.ActiveCfg = Debug|Any CPU
		{EE197629-77D1-4FAC-8570-FE91B27B57E6}.Debug|Any CPU.Build.0 = Debug|Any CPU
		{EE197629-77D1-4FAC-8570-FE91B27B57E6}.Release|Any CPU.ActiveCfg = Release|Any CPU
		{EE197629-77D1-4FAC-8570-FE91B27B57E6}.Release|Any CPU.Build.0 = Release|Any CPU
	EndGlobalSection
	GlobalSection(SolutionProperties) = preSolution
		HideSolutionNode = FALSE
	EndGlobalSection
	GlobalSection(ExtensibilityGlobals) = postSolution
		SolutionGuid = {20E294EC-DA40-4232-B674-D840576F26C1}
	EndGlobalSection
EndGlobal
