
Microsoft Visual Studio Solution File, Format Version 12.00
# Visual Studio Version 16
VisualStudioVersion = 16.0.28803.202
MinimumVisualStudioVersion = 10.0.40219.1
Project("{FAE04EC0-301F-11D3-BF4B-00C04F79EFBC}") = "TestuosimGVS", "TestuosimGVS\TestuosimGVS.csproj", "{5AC2956E-85A5-42BC-B5E8-A746A0D89E57}"
EndProject
Global
	GlobalSection(SolutionConfigurationPlatforms) = preSolution
		Debug|Any CPU = Debug|Any CPU
		Release|Any CPU = Release|Any CPU
	EndGlobalSection
	GlobalSection(ProjectConfigurationPlatforms) = postSolution
		{5AC2956E-85A5-42BC-B5E8-A746A0D89E57}.Debug|Any CPU.ActiveCfg = Debug|Any CPU
		{5AC2956E-85A5-42BC-B5E8-A746A0D89E57}.Debug|Any CPU.Build.0 = Debug|Any CPU
		{5AC2956E-85A5-42BC-B5E8-A746A0D89E57}.Release|Any CPU.ActiveCfg = Release|Any CPU
		{5AC2956E-85A5-42BC-B5E8-A746A0D89E57}.Release|Any CPU.Build.0 = Release|Any CPU
	EndGlobalSection
	GlobalSection(SolutionProperties) = preSolution
		HideSolutionNode = FALSE
	EndGlobalSection
	GlobalSection(ExtensibilityGlobals) = postSolution
		SolutionGuid = {7CF2CB8C-D95E-47DA-9CD4-846C3185EB4A}
	EndGlobalSection
EndGlobal
