
Microsoft Visual Studio Solution File, Format Version 12.00
# Visual Studio Version 16
VisualStudioVersion = 16.0.28803.202
MinimumVisualStudioVersion = 10.0.40219.1
Project("{FAE04EC0-301F-11D3-BF4B-00C04F79EFBC}") = "LinqDataBaseFile", "LinqDataBaseFile\LinqDataBaseFile.csproj", "{2DEA8E32-17B0-40C0-B419-7B2B54D367F4}"
EndProject
Global
	GlobalSection(SolutionConfigurationPlatforms) = preSolution
		Debug|Any CPU = Debug|Any CPU
		Release|Any CPU = Release|Any CPU
	EndGlobalSection
	GlobalSection(ProjectConfigurationPlatforms) = postSolution
		{2DEA8E32-17B0-40C0-B419-7B2B54D367F4}.Debug|Any CPU.ActiveCfg = Debug|Any CPU
		{2DEA8E32-17B0-40C0-B419-7B2B54D367F4}.Debug|Any CPU.Build.0 = Debug|Any CPU
		{2DEA8E32-17B0-40C0-B419-7B2B54D367F4}.Release|Any CPU.ActiveCfg = Release|Any CPU
		{2DEA8E32-17B0-40C0-B419-7B2B54D367F4}.Release|Any CPU.Build.0 = Release|Any CPU
	EndGlobalSection
	GlobalSection(SolutionProperties) = preSolution
		HideSolutionNode = FALSE
	EndGlobalSection
	GlobalSection(ExtensibilityGlobals) = postSolution
		SolutionGuid = {0679C59D-7C5A-4250-96BF-476DB571951A}
	EndGlobalSection
EndGlobal
