
Microsoft Visual Studio Solution File, Format Version 12.00
# Visual Studio Version 16
VisualStudioVersion = 16.0.28803.202
MinimumVisualStudioVersion = 10.0.40219.1
Project("{FAE04EC0-301F-11D3-BF4B-00C04F79EFBC}") = "IfSKaiciavimoMasinele", "IfSKaiciavimoMasinele\IfSKaiciavimoMasinele.csproj", "{E7BF5B9E-AE09-4C40-91AC-88251AD1AA42}"
EndProject
Global
	GlobalSection(SolutionConfigurationPlatforms) = preSolution
		Debug|Any CPU = Debug|Any CPU
		Release|Any CPU = Release|Any CPU
	EndGlobalSection
	GlobalSection(ProjectConfigurationPlatforms) = postSolution
		{E7BF5B9E-AE09-4C40-91AC-88251AD1AA42}.Debug|Any CPU.ActiveCfg = Debug|Any CPU
		{E7BF5B9E-AE09-4C40-91AC-88251AD1AA42}.Debug|Any CPU.Build.0 = Debug|Any CPU
		{E7BF5B9E-AE09-4C40-91AC-88251AD1AA42}.Release|Any CPU.ActiveCfg = Release|Any CPU
		{E7BF5B9E-AE09-4C40-91AC-88251AD1AA42}.Release|Any CPU.Build.0 = Release|Any CPU
	EndGlobalSection
	GlobalSection(SolutionProperties) = preSolution
		HideSolutionNode = FALSE
	EndGlobalSection
	GlobalSection(ExtensibilityGlobals) = postSolution
		SolutionGuid = {AFAEEE2D-EFB9-4AF5-9444-B7B457C73281}
	EndGlobalSection
EndGlobal
